
Microsoft Visual Studio Solution File, Format Version 12.00
# Visual Studio Version 17
VisualStudioVersion = 17.4.33110.190
MinimumVisualStudioVersion = 10.0.40219.1
Project("{9A19103F-16F7-4668-BE54-9A1E7A4F7556}") = "PersonalPortfolio", "PersonalPortfolio\PersonalPortfolio.csproj", "{5B910261-B687-4A2F-B9A2-3C15FC88FE7B}"
EndProject
Project("{FAE04EC0-301F-11D3-BF4B-00C04F79EFBC}") = "PersonalPortfolio.Data", "PersonalPortfolio.Data\PersonalPortfolio.Data.csproj", "{58BF0291-F248-466F-B683-885250CEF0F5}"
EndProject
Project("{FAE04EC0-301F-11D3-BF4B-00C04F79EFBC}") = "PersonalPortfolio.Models", "PersonalPortfolio.Models\PersonalPortfolio.Models.csproj", "{B8AD9FCF-F6B6-4790-9D7C-376D38C1BDCE}"
EndProject
Global
	GlobalSection(SolutionConfigurationPlatforms) = preSolution
		Debug|Any CPU = Debug|Any CPU
		Release|Any CPU = Release|Any CPU
	EndGlobalSection
	GlobalSection(ProjectConfigurationPlatforms) = postSolution
		{5B910261-B687-4A2F-B9A2-3C15FC88FE7B}.Debug|Any CPU.ActiveCfg = Debug|Any CPU
		{5B910261-B687-4A2F-B9A2-3C15FC88FE7B}.Debug|Any CPU.Build.0 = Debug|Any CPU
		{5B910261-B687-4A2F-B9A2-3C15FC88FE7B}.Release|Any CPU.ActiveCfg = Release|Any CPU
		{5B910261-B687-4A2F-B9A2-3C15FC88FE7B}.Release|Any CPU.Build.0 = Release|Any CPU
		{58BF0291-F248-466F-B683-885250CEF0F5}.Debug|Any CPU.ActiveCfg = Debug|Any CPU
		{58BF0291-F248-466F-B683-885250CEF0F5}.Debug|Any CPU.Build.0 = Debug|Any CPU
		{58BF0291-F248-466F-B683-885250CEF0F5}.Release|Any CPU.ActiveCfg = Release|Any CPU
		{58BF0291-F248-466F-B683-885250CEF0F5}.Release|Any CPU.Build.0 = Release|Any CPU
		{B8AD9FCF-F6B6-4790-9D7C-376D38C1BDCE}.Debug|Any CPU.ActiveCfg = Debug|Any CPU
		{B8AD9FCF-F6B6-4790-9D7C-376D38C1BDCE}.Debug|Any CPU.Build.0 = Debug|Any CPU
		{B8AD9FCF-F6B6-4790-9D7C-376D38C1BDCE}.Release|Any CPU.ActiveCfg = Release|Any CPU
		{B8AD9FCF-F6B6-4790-9D7C-376D38C1BDCE}.Release|Any CPU.Build.0 = Release|Any CPU
	EndGlobalSection
	GlobalSection(SolutionProperties) = preSolution
		HideSolutionNode = FALSE
	EndGlobalSection
	GlobalSection(ExtensibilityGlobals) = postSolution
		SolutionGuid = {E7C1DF54-E2F8-46DB-9D9C-5746B3A52E9F}
	EndGlobalSection
EndGlobal
